
Microsoft Visual Studio Solution File, Format Version 12.00
# Visual Studio Version 16
VisualStudioVersion = 16.0.30413.136
MinimumVisualStudioVersion = 10.0.40219.1
Project("{FAE04EC0-301F-11D3-BF4B-00C04F79EFBC}") = "University", "University\University.csproj", "{43521CE6-6312-4DCC-B5E6-E3659AF97489}"
EndProject
Global
	GlobalSection(SolutionConfigurationPlatforms) = preSolution
		Debug|Any CPU = Debug|Any CPU
		Release|Any CPU = Release|Any CPU
	EndGlobalSection
	GlobalSection(ProjectConfigurationPlatforms) = postSolution
		{43521CE6-6312-4DCC-B5E6-E3659AF97489}.Debug|Any CPU.ActiveCfg = Debug|Any CPU
		{43521CE6-6312-4DCC-B5E6-E3659AF97489}.Debug|Any CPU.Build.0 = Debug|Any CPU
		{43521CE6-6312-4DCC-B5E6-E3659AF97489}.Release|Any CPU.ActiveCfg = Release|Any CPU
		{43521CE6-6312-4DCC-B5E6-E3659AF97489}.Release|Any CPU.Build.0 = Release|Any CPU
	EndGlobalSection
	GlobalSection(SolutionProperties) = preSolution
		HideSolutionNode = FALSE
	EndGlobalSection
	GlobalSection(ExtensibilityGlobals) = postSolution
		SolutionGuid = {E15D4569-5E30-4B9D-8123-047EA34E6485}
	EndGlobalSection
EndGlobal
